# This file is autogenerated, do not edit; changes may be undone by the next 'dep ensure'.


[[projects]]
  branch = "master"
  digest = "1:5d0a8c06d2c8b79a4d047d4adbad9a1d021529aca14e0d5fee121528356242ee"
  name = "github.com/BurntSushi/freetype-go"
  packages = [
    "freetype",
    "freetype/raster",
    "freetype/truetype",
  ]
  pruneopts = "NUT"
  revision = "b763ddbfe298bf71c999a2833470da508f3a0677"

[[projects]]
  branch = "master"
  digest = "1:c2cfda3e4d807bde2087631c63a0cc501fc7a03de5b9301d0a17fce6af65399a"
  name = "github.com/BurntSushi/graphics-go"
  packages = [
    "graphics",
    "graphics/convolve",
    "graphics/interp",
  ]
  pruneopts = "NUT"
  revision = "b43f31a4a96688fba0b612e25e22648b9267e498"

[[projects]]
  branch = "master"
  digest = "1:10880e4ec734bec4960ce1dcd11673c5f190ccd8278843a737b8c4c1be94e4af"
  name = "github.com/BurntSushi/xgb"
  packages = [
    ".",
    "shape",
    "xinerama",
    "xproto",
  ]
  pruneopts = "NUT"
  revision = "27f122750802c950b2c869a5b63dafcf590ced95"

[[projects]]
  branch = "master"
  digest = "1:fdee9208db615b9ea4be3c677b0f30b6543e60f93ce1f31ad24ac943d51b9d77"
  name = "github.com/BurntSushi/xgbutil"
  packages = [
    ".",
    "ewmh",
    "icccm",
    "keybind",
    "mousebind",
    "xevent",
    "xgraphics",
    "xprop",
    "xrect",
    "xwindow",
  ]
  pruneopts = "NUT"
  revision = "f7c97cef3b4e6c88280a5a7091c3314e815ca243"

[[projects]]
  digest = "1:efc94d0f03895edef1f040ad0baf401c86f6363aac298ec57b35a898931ab945"
  name = "github.com/jteeuwen/go-bindata"
  packages = ["."]
  pruneopts = "NUT"
  revision = "bbd0c6e271208dce66d8fda4bc536453cd27fc4a"
  version = "v3.0.7"

[[projects]]
  digest = "1:58999a98719fddbac6303cb17e8d85b945f60b72f48e3a2df6b950b97fa926f1"
  name = "github.com/konsorten/go-windows-terminal-sequences"
  packages = ["."]
  pruneopts = "NUT"
  revision = "f55edac94c9bbba5d6182a4be46d86a2c9b5b50e"
  version = "v1.0.2"

[[projects]]
  digest = "1:e256b859ab89f005f2f639f5ed9807d0873d9135e27c6382f419b840ff9abe71"
  name = "github.com/sirupsen/logrus"
  packages = ["."]
  pruneopts = "NUT"
  revision = "e1e72e9de974bd926e5c56f83753fba2df402ce5"
  version = "v1.3.0"

[[projects]]
  branch = "master"
  digest = "1:058e9504b9a79bfe86092974d05bb3298d2aa0c312d266d43148de289a5065d9"
  name = "golang.org/x/crypto"
  packages = ["ssh/terminal"]
  pruneopts = "NUT"
  revision = "8dd112bcdc25174059e45e07517d9fc663123347"

[[projects]]
  branch = "master"
  digest = "1:39b588d684c37b617026ee2cb1923de5bb543e77f00abdab6b1e42ab274f598c"
  name = "golang.org/x/sys"
  packages = [
    "unix",
    "windows",
  ]
  pruneopts = "NUT"
  revision = "a34e9553db1e492c9a76e60db2296ae7e5fbb772"

[solve-meta]
  analyzer-name = "dep"
  analyzer-version = 1
  input-imports = [
    "github.com/BurntSushi/xgb/xproto",
    "github.com/BurntSushi/xgbutil",
    "github.com/BurntSushi/xgbutil/ewmh",
    "github.com/BurntSushi/xgbutil/keybind",
    "github.com/BurntSushi/xgbutil/xevent",
    "github.com/BurntSushi/xgbutil/xgraphics",
    "github.com/BurntSushi/xgbutil/xrect",
    "github.com/BurntSushi/xgbutil/xwindow",
    "github.com/jteeuwen/go-bindata",
    "github.com/sirupsen/logrus",
  ]
  solver-name = "gps-cdcl"
  solver-version = 1
