# This file is autogenerated, do not edit; changes may be undone by the next 'dep ensure'.


[[projects]]
  branch = "master"
  digest = "1:5d0a8c06d2c8b79a4d047d4adbad9a1d021529aca14e0d5fee121528356242ee"
  name = "github.com/BurntSushi/freetype-go"
  packages = [
    "freetype",
    "freetype/raster",
    "freetype/truetype",
  ]
  pruneopts = "UT"
  revision = "b763ddbfe298bf71c999a2833470da508f3a0677"

[[projects]]
  branch = "master"
  digest = "1:261380a9875253091459b7cc01b4f4f177a8f8bdef961518b8353ef42084f424"
  name = "github.com/BurntSushi/graphics-go"
  packages = [
    "graphics",
    "graphics/convolve",
    "graphics/interp",
  ]
  pruneopts = "UT"
  revision = "b43f31a4a96688fba0b612e25e22648b9267e498"

[[projects]]
  branch = "master"
  digest = "1:1e96579bb1afe3e9ae4cdc883f8f94cc06917da38fdb95a47fd8db1f629888af"
  name = "github.com/BurntSushi/xgb"
  packages = [
    ".",
    "shape",
    "xinerama",
    "xproto",
  ]
  pruneopts = "UT"
  revision = "27f122750802c950b2c869a5b63dafcf590ced95"

[[projects]]
  branch = "master"
  digest = "1:61772e18176a432f1f0f75cff34ee8fad3fa55d5d9c09d90931516a7d3ba8193"
  name = "github.com/BurntSushi/xgbutil"
  packages = [
    ".",
    "ewmh",
    "icccm",
    "keybind",
    "mousebind",
    "xevent",
    "xgraphics",
    "xprop",
    "xrect",
    "xwindow",
  ]
  pruneopts = "UT"
  revision = "f7c97cef3b4e6c88280a5a7091c3314e815ca243"

[[projects]]
  digest = "1:0015060922f1b2e04469224e2ed82f0a67abbfee9a0a91852cf4980b91bf11d6"
  name = "github.com/jteeuwen/go-bindata"
  packages = ["."]
  pruneopts = "UT"
  revision = "bbd0c6e271208dce66d8fda4bc536453cd27fc4a"
  version = "v3.0.7"

[[projects]]
  digest = "1:0a69a1c0db3591fcefb47f115b224592c8dfa4368b7ba9fae509d5e16cdc95c8"
  name = "github.com/konsorten/go-windows-terminal-sequences"
  packages = ["."]
  pruneopts = "UT"
  revision = "5c8c8bd35d3832f5d134ae1e1e375b69a4d25242"
  version = "v1.0.1"

[[projects]]
  digest = "1:3f53e9e4dfbb664cd62940c9c4b65a2171c66acd0b7621a1a6b8e78513525a52"
  name = "github.com/sirupsen/logrus"
  packages = ["."]
  pruneopts = "UT"
  revision = "ad15b42461921f1fb3529b058c6786c6a45d5162"
  version = "v1.1.1"

[[projects]]
  branch = "master"
  digest = "1:3f3a05ae0b95893d90b9b3b5afdb79a9b3d96e4e36e099d841ae602e4aca0da8"
  name = "golang.org/x/crypto"
  packages = ["ssh/terminal"]
  pruneopts = "UT"
  revision = "0c41d7ab0a0ee717d4590a44bcb987dfd9e183eb"

[[projects]]
  branch = "master"
  digest = "1:56e0fb6e56fa651d9183abd2db5f29d05da203a7c50bf9b331259e5087aca683"
  name = "golang.org/x/sys"
  packages = [
    "unix",
    "windows",
  ]
  pruneopts = "UT"
  revision = "8e24a49d80f82323e1c4db1b5da3e0f31171a151"

[solve-meta]
  analyzer-name = "dep"
  analyzer-version = 1
  input-imports = [
    "github.com/BurntSushi/xgb/xproto",
    "github.com/BurntSushi/xgbutil",
    "github.com/BurntSushi/xgbutil/ewmh",
    "github.com/BurntSushi/xgbutil/keybind",
    "github.com/BurntSushi/xgbutil/xevent",
    "github.com/BurntSushi/xgbutil/xgraphics",
    "github.com/BurntSushi/xgbutil/xrect",
    "github.com/BurntSushi/xgbutil/xwindow",
    "github.com/jteeuwen/go-bindata",
    "github.com/sirupsen/logrus",
  ]
  solver-name = "gps-cdcl"
  solver-version = 1
